
Microsoft Visual Studio Solution File, Format Version 12.00
# Visual Studio Version 16
VisualStudioVersion = 16.0.31129.286
MinimumVisualStudioVersion = 10.0.40219.1
Project("{8BC9CEB8-8B4A-11D0-8D11-00A0C91BC942}") = "tempp", "tempp\tempp.vcxproj", "{68158F15-5471-4C5F-9DE1-973DE9E3B3DE}"
EndProject
Global
	GlobalSection(SolutionConfigurationPlatforms) = preSolution
		Debug|x64 = Debug|x64
		Debug|x86 = Debug|x86
		Release|x64 = Release|x64
		Release|x86 = Release|x86
	EndGlobalSection
	GlobalSection(ProjectConfigurationPlatforms) = postSolution
		{68158F15-5471-4C5F-9DE1-973DE9E3B3DE}.Debug|x64.ActiveCfg = Debug|x64
		{68158F15-5471-4C5F-9DE1-973DE9E3B3DE}.Debug|x64.Build.0 = Debug|x64
		{68158F15-5471-4C5F-9DE1-973DE9E3B3DE}.Debug|x86.ActiveCfg = Debug|Win32
		{68158F15-5471-4C5F-9DE1-973DE9E3B3DE}.Debug|x86.Build.0 = Debug|Win32
		{68158F15-5471-4C5F-9DE1-973DE9E3B3DE}.Release|x64.ActiveCfg = Release|x64
		{68158F15-5471-4C5F-9DE1-973DE9E3B3DE}.Release|x64.Build.0 = Release|x64
		{68158F15-5471-4C5F-9DE1-973DE9E3B3DE}.Release|x86.ActiveCfg = Release|Win32
		{68158F15-5471-4C5F-9DE1-973DE9E3B3DE}.Release|x86.Build.0 = Release|Win32
	EndGlobalSection
	GlobalSection(SolutionProperties) = preSolution
		HideSolutionNode = FALSE
	EndGlobalSection
	GlobalSection(ExtensibilityGlobals) = postSolution
		SolutionGuid = {CE4A064E-A09B-4690-8D12-DFD78E71EB3D}
	EndGlobalSection
EndGlobal
